
Microsoft Visual Studio Solution File, Format Version 12.00
# Visual Studio 2013
VisualStudioVersion = 12.0.20827.3
MinimumVisualStudioVersion = 10.0.40219.1
Project("{FAE04EC0-301F-11D3-BF4B-00C04F79EFBC}") = "Domas.Web.Mvc", "Domas.Web.Mvc\Domas.Web.Mvc.csproj", "{A7F7C110-D7F0-49B7-8DDA-FD2D1CC6F3B1}"
EndProject
Project("{FAE04EC0-301F-11D3-BF4B-00C04F79EFBC}") = "MvcTest", "Test\MvcTest\MvcTest.csproj", "{33A19198-342B-44FC-BFDB-7A4812D11A06}"
EndProject
Project("{FAE04EC0-301F-11D3-BF4B-00C04F79EFBC}") = "Kendo.Mvc.Examples", "Examples\Kendo.Mvc.Examples.csproj", "{98DE3BD7-E6ED-4900-A505-810EDE765CA7}"
EndProject
Global
	GlobalSection(SolutionConfigurationPlatforms) = preSolution
		Debug|Any CPU = Debug|Any CPU
		Release|Any CPU = Release|Any CPU
	EndGlobalSection
	GlobalSection(ProjectConfigurationPlatforms) = postSolution
		{A7F7C110-D7F0-49B7-8DDA-FD2D1CC6F3B1}.Debug|Any CPU.ActiveCfg = Debug|Any CPU
		{A7F7C110-D7F0-49B7-8DDA-FD2D1CC6F3B1}.Debug|Any CPU.Build.0 = Debug|Any CPU
		{A7F7C110-D7F0-49B7-8DDA-FD2D1CC6F3B1}.Release|Any CPU.ActiveCfg = Release|Any CPU
		{A7F7C110-D7F0-49B7-8DDA-FD2D1CC6F3B1}.Release|Any CPU.Build.0 = Release|Any CPU
		{33A19198-342B-44FC-BFDB-7A4812D11A06}.Debug|Any CPU.ActiveCfg = Debug|Any CPU
		{33A19198-342B-44FC-BFDB-7A4812D11A06}.Debug|Any CPU.Build.0 = Debug|Any CPU
		{33A19198-342B-44FC-BFDB-7A4812D11A06}.Release|Any CPU.ActiveCfg = Release|Any CPU
		{33A19198-342B-44FC-BFDB-7A4812D11A06}.Release|Any CPU.Build.0 = Release|Any CPU
		{98DE3BD7-E6ED-4900-A505-810EDE765CA7}.Debug|Any CPU.ActiveCfg = Debug|Any CPU
		{98DE3BD7-E6ED-4900-A505-810EDE765CA7}.Debug|Any CPU.Build.0 = Debug|Any CPU
		{98DE3BD7-E6ED-4900-A505-810EDE765CA7}.Release|Any CPU.ActiveCfg = Release|Any CPU
		{98DE3BD7-E6ED-4900-A505-810EDE765CA7}.Release|Any CPU.Build.0 = Release|Any CPU
	EndGlobalSection
	GlobalSection(SolutionProperties) = preSolution
		HideSolutionNode = FALSE
	EndGlobalSection
EndGlobal
