
Microsoft Visual Studio Solution File, Format Version 12.00
# Visual Studio 2012
Project("{FAE04EC0-301F-11D3-BF4B-00C04F79EFBC}") = "Ebuy.Helper", "Ebuy.Helper\Ebuy.Helper.csproj", "{0FCB27FB-C5D1-40DB-A527-E01E98663D3C}"
EndProject
Project("{FAE04EC0-301F-11D3-BF4B-00C04F79EFBC}") = "Ebuy.Website", "Ebuy.Website\Ebuy.Website.csproj", "{6E6C759F-44EE-45F3-A1CA-6E16D3AF7E19}"
EndProject
Global
	GlobalSection(SolutionConfigurationPlatforms) = preSolution
		Debug|Any CPU = Debug|Any CPU
		Release|Any CPU = Release|Any CPU
	EndGlobalSection
	GlobalSection(ProjectConfigurationPlatforms) = postSolution
		{0FCB27FB-C5D1-40DB-A527-E01E98663D3C}.Debug|Any CPU.ActiveCfg = Debug|Any CPU
		{0FCB27FB-C5D1-40DB-A527-E01E98663D3C}.Debug|Any CPU.Build.0 = Debug|Any CPU
		{0FCB27FB-C5D1-40DB-A527-E01E98663D3C}.Release|Any CPU.ActiveCfg = Release|Any CPU
		{0FCB27FB-C5D1-40DB-A527-E01E98663D3C}.Release|Any CPU.Build.0 = Release|Any CPU
		{6E6C759F-44EE-45F3-A1CA-6E16D3AF7E19}.Debug|Any CPU.ActiveCfg = Debug|Any CPU
		{6E6C759F-44EE-45F3-A1CA-6E16D3AF7E19}.Debug|Any CPU.Build.0 = Debug|Any CPU
		{6E6C759F-44EE-45F3-A1CA-6E16D3AF7E19}.Release|Any CPU.ActiveCfg = Release|Any CPU
		{6E6C759F-44EE-45F3-A1CA-6E16D3AF7E19}.Release|Any CPU.Build.0 = Release|Any CPU
	EndGlobalSection
	GlobalSection(SolutionProperties) = preSolution
		HideSolutionNode = FALSE
	EndGlobalSection
EndGlobal
